{
  "nodes": {
    "cl-sdl3": {
      "flake": false,
      "locked": {
        "lastModified": 1776397102,
        "narHash": "sha256-hhTzmQuEWhSQL9oFKiO8ICgGNOpymfCwO9SJ0jDDBY8=",
        "ref": "refs/heads/main",
        "rev": "47c90b54715aba23752b70d382a3eb310172cd34",
        "revCount": 78,
        "type": "git",
        "url": "https://github.com/aiffc/cl-sdl3.git"
      },
      "original": {
        "rev": "47c90b54715aba23752b70d382a3eb310172cd34",
        "type": "git",
        "url": "https://github.com/aiffc/cl-sdl3.git"
      }
    },
    "cppwinrt": {
      "flake": false,
      "locked": {
        "lastModified": 1741044126,
        "narHash": "sha256-sAGF79t4WPehpZICrPlXjLGmCH14iyY/SJrv47QvlMQ=",
        "owner": "microsoft",
        "repo": "cppwinrt",
        "rev": "69c78cfc7920367c4ce9cc024cf8c5b8d217fb1b",
        "type": "github"
      },
      "original": {
        "owner": "microsoft",
        "ref": "2.0.250303.1",
        "repo": "cppwinrt",
        "type": "github"
      }
    },
    "flake-compat": {
      "flake": false,
      "locked": {
        "lastModified": 1767039857,
        "narHash": "sha256-vNpUSpF5Nuw8xvDLj2KCwwksIbjua2LZCqhV1LNRDns=",
        "owner": "edolstra",
        "repo": "flake-compat",
        "rev": "5edf11c44bc78a0d334f6334cdaf7d60d732daab",
        "type": "github"
      },
      "original": {
        "owner": "edolstra",
        "repo": "flake-compat",
        "type": "github"
      }
    },
    "ghostty": {
      "inputs": {
        "flake-compat": "flake-compat",
        "home-manager": "home-manager",
        "nixpkgs": "nixpkgs",
        "systems": "systems",
        "zig": "zig",
        "zon2nix": "zon2nix"
      },
      "locked": {
        "lastModified": 1786872538,
        "narHash": "sha256-8W+nL2snZNnQAb2KzqGC2U2P46ZBTTiG0A50eOLm0e4=",
        "owner": "ghostty-org",
        "repo": "ghostty",
        "rev": "26df373ec83fb1cebb4fee0a8394144ae984a9b8",
        "type": "github"
      },
      "original": {
        "owner": "ghostty-org",
        "repo": "ghostty",
        "type": "github"
      }
    },
    "home-manager": {
      "inputs": {
        "nixpkgs": [
          "luv",
          "ghostty",
          "nixpkgs"
        ]
      },
      "locked": {
        "lastModified": 1782657028,
        "narHash": "sha256-PHTCpYZCMzJYS3phhywqRAZphKVr2zjvlGYa+H20ZZ4=",
        "owner": "nix-community",
        "repo": "home-manager",
        "rev": "4ad9aaae70c9aaab504127f926c0fa9cfbc2b365",
        "type": "github"
      },
      "original": {
        "owner": "nix-community",
        "repo": "home-manager",
        "type": "github"
      }
    },
    "luv": {
      "inputs": {
        "cl-sdl3": "cl-sdl3",
        "ghostty": "ghostty",
        "mcclim": "mcclim",
        "nix-wpe-webkit": "nix-wpe-webkit",
        "nixpkgs": "nixpkgs_3",
        "parachute": "parachute",
        "swash": "swash",
        "tracy": "tracy"
      },
      "locked": {
        "lastModified": 1791638885,
        "narHash": "sha256-sNeRX3YZDmTDg9x+rNQECeDL1ampg1D4pyxIqmnsnEk=",
        "owner": "mbrock",
        "repo": "luv",
        "rev": "792c93a7e6db5fbfa8aa06764baecf575e31b161",
        "type": "github"
      },
      "original": {
        "owner": "mbrock",
        "repo": "luv",
        "type": "github"
      }
    },
    "mcclim": {
      "flake": false,
      "locked": {
        "lastModified": 1787473849,
        "narHash": "sha256-q0oewh6VvdiOjBRKOMS1JAejIDtBSsqbs0K8Nruzno8=",
        "ref": "master",
        "rev": "4df4240b108cb83a53d4ec90de982feec9fc8062",
        "revCount": 8849,
        "type": "git",
        "url": "https://git.swa.sh/mcclim"
      },
      "original": {
        "ref": "master",
        "type": "git",
        "url": "https://git.swa.sh/mcclim"
      }
    },
    "nix-wpe-webkit": {
      "inputs": {
        "nixpkgs": "nixpkgs_2"
      },
      "locked": {
        "lastModified": 1770385823,
        "narHash": "sha256-x+JrlE1TjyplLR5wdCOi37vH/OhPk/Alt8Q8lTq8LKQ=",
        "owner": "eval-exec",
        "repo": "nix-wpe-webkit",
        "rev": "039c6905b9fe233cd731d06d425762546073094f",
        "type": "github"
      },
      "original": {
        "owner": "eval-exec",
        "repo": "nix-wpe-webkit",
        "type": "github"
      }
    },
    "nixbox": {
      "inputs": {
        "cppwinrt": "cppwinrt",
        "nixpkgs": "nixpkgs_4",
        "nxtui": "nxtui",
        "openappx": "openappx",
        "uwp-crossbuild": "uwp-crossbuild",
        "winmd": "winmd"
      },
      "locked": {
        "lastModified": 1791246755,
        "narHash": "sha256-dYyBnzfOKurxRe2H+Arg4/fn/Bfv+jRqlDBuL3BNT4k=",
        "owner": "mbrock",
        "repo": "nixbox",
        "rev": "e163646767158024316a7a59c8394fb7bc33313f",
        "type": "github"
      },
      "original": {
        "owner": "mbrock",
        "repo": "nixbox",
        "type": "github"
      }
    },
    "nixpkgs": {
      "locked": {
        "lastModified": 1782545840,
        "narHash": "sha256-CAi8oAZaE6pTkcYQBnnOlvmfMgG/p1AO0FohKKN3J7I=",
        "rev": "3d46470bb3030020f7e1361f33514854f5bfa86d",
        "type": "tarball",
        "url": "https://releases.nixos.org/nixpkgs/nixpkgs-26.11pre1023445.3d46470bb303/nixexprs.tar.xz"
      },
      "original": {
        "type": "tarball",
        "url": "https://channels.nixos.org/nixpkgs-unstable/nixexprs.tar.xz"
      }
    },
    "nixpkgs_2": {
      "locked": {
        "lastModified": 1770197578,
        "narHash": "sha256-AYqlWrX09+HvGs8zM6ebZ1pwUqjkfpnv8mewYwAo+iM=",
        "owner": "NixOS",
        "repo": "nixpkgs",
        "rev": "00c21e4c93d963c50d4c0c89bfa84ed6e0694df2",
        "type": "github"
      },
      "original": {
        "owner": "NixOS",
        "ref": "nixos-unstable",
        "repo": "nixpkgs",
        "type": "github"
      }
    },
    "nixpkgs_3": {
      "locked": {
        "lastModified": 1788179007,
        "narHash": "sha256-hn1oU2rue2SYK8dAr8+WNZWtbsz1S2W5mnHlSEuh3bo=",
        "owner": "NixOS",
        "repo": "nixpkgs",
        "rev": "34ab99075ac4f7e40cf037eef32cb1c360bb85e9",
        "type": "github"
      },
      "original": {
        "owner": "NixOS",
        "ref": "nixos-unstable",
        "repo": "nixpkgs",
        "type": "github"
      }
    },
    "nixpkgs_4": {
      "locked": {
        "lastModified": 1790981744,
        "narHash": "sha256-sm6DclXJudZfP/pcDBQQsRqyMxBcQsuw+7yQr4rBBLE=",
        "owner": "NixOS",
        "repo": "nixpkgs",
        "rev": "55ba7f49ef2962b42cbd126522b7df5f95037679",
        "type": "github"
      },
      "original": {
        "owner": "NixOS",
        "ref": "nixpkgs-unstable",
        "repo": "nixpkgs",
        "type": "github"
      }
    },
    "nxtui": {
      "flake": false,
      "locked": {
        "lastModified": 1791201580,
        "narHash": "sha256-XkwxTuVY7QB0T5bCGtr10iiXTwT89KZhc8qU2fUwBYQ=",
        "owner": "mbrock",
        "repo": "nxtui",
        "rev": "965e6fc01852ade13fa4c4b520f05cc4e508eff1",
        "type": "github"
      },
      "original": {
        "owner": "mbrock",
        "repo": "nxtui",
        "rev": "965e6fc01852ade13fa4c4b520f05cc4e508eff1",
        "type": "github"
      }
    },
    "openappx": {
      "flake": false,
      "locked": {
        "lastModified": 1790866348,
        "narHash": "sha256-lc4/qHrPHdbkpGRYZhtzKft1Z1zyNUj3w6RVdwYGsaw=",
        "owner": "gianlucamazza",
        "repo": "openappx",
        "rev": "da05f7f66e2ac9071253aea954088d3159b734fd",
        "type": "github"
      },
      "original": {
        "owner": "gianlucamazza",
        "repo": "openappx",
        "rev": "da05f7f66e2ac9071253aea954088d3159b734fd",
        "type": "github"
      }
    },
    "parachute": {
      "flake": false,
      "locked": {
        "lastModified": 1755082176,
        "narHash": "sha256-AIlvN+97nHJKkjsZGP0S7HU4siVwDmG3Pg9cBLuJqv8=",
        "owner": "Shinmera",
        "repo": "parachute",
        "rev": "9a6679e611925dfb59067393c5b7996f69501aa6",
        "type": "github"
      },
      "original": {
        "owner": "Shinmera",
        "repo": "parachute",
        "rev": "9a6679e611925dfb59067393c5b7996f69501aa6",
        "type": "github"
      }
    },
    "root": {
      "inputs": {
        "luv": "luv",
        "nixbox": "nixbox",
        "nixpkgs": [
          "luv",
          "nixpkgs"
        ]
      }
    },
    "swash": {
      "flake": false,
      "locked": {
        "lastModified": 1788542412,
        "narHash": "sha256-3WXEhZerxo8Exea9ORi/iNS91sOJYSg7nsBitIFg5ZY=",
        "owner": "lessrest",
        "repo": "swash",
        "rev": "43ba48386191947c3b1bbcc647db2df0ad376594",
        "type": "github"
      },
      "original": {
        "owner": "lessrest",
        "repo": "swash",
        "rev": "43ba48386191947c3b1bbcc647db2df0ad376594",
        "type": "github"
      }
    },
    "systems": {
      "flake": false,
      "locked": {
        "lastModified": 1681028828,
        "narHash": "sha256-Vy1rq5AaRuLzOxct8nz4T6wlgyUR7zLU309k9mBC768=",
        "owner": "nix-systems",
        "repo": "default",
        "rev": "da67096a3b9bf56a91d16901293e51ba5b49a27e",
        "type": "github"
      },
      "original": {
        "owner": "nix-systems",
        "repo": "default",
        "type": "github"
      }
    },
    "tracy": {
      "flake": false,
      "locked": {
        "lastModified": 1786302391,
        "narHash": "sha256-526OmdEXN8jW7OxouR3vqy/vQPTQoGfqBw1oJHULd5U=",
        "owner": "wolfpld",
        "repo": "tracy",
        "rev": "099df3de3dc37eca4712c06b8320fb9c53596edd",
        "type": "github"
      },
      "original": {
        "owner": "wolfpld",
        "ref": "v0.14.0",
        "repo": "tracy",
        "type": "github"
      }
    },
    "uwp-crossbuild": {
      "flake": false,
      "locked": {
        "lastModified": 1787078767,
        "narHash": "sha256-7WeL75Y3azXtdJzAw1F4tunEIJOBB8os36ifroy09rc=",
        "owner": "gianlucamazza",
        "repo": "uwp-crossbuild",
        "rev": "d40e8de6b16d1edc78276c14157bf735d2744d5b",
        "type": "github"
      },
      "original": {
        "owner": "gianlucamazza",
        "repo": "uwp-crossbuild",
        "rev": "d40e8de6b16d1edc78276c14157bf735d2744d5b",
        "type": "github"
      }
    },
    "winmd": {
      "flake": false,
      "locked": {
        "lastModified": 1669508062,
        "narHash": "sha256-TARhV+xENHiBnVuozlDdQAStGXPjQrUenrMdpXKgPcM=",
        "owner": "microsoft",
        "repo": "winmd",
        "rev": "0f1eae3bfa63fa2ba3c2912cbfe72a01db94cc5a",
        "type": "github"
      },
      "original": {
        "owner": "microsoft",
        "repo": "winmd",
        "rev": "0f1eae3bfa63fa2ba3c2912cbfe72a01db94cc5a",
        "type": "github"
      }
    },
    "zig": {
      "inputs": {
        "flake-compat": [
          "luv",
          "ghostty",
          "flake-compat"
        ],
        "nixpkgs": [
          "luv",
          "ghostty",
          "nixpkgs"
        ],
        "systems": [
          "luv",
          "ghostty",
          "systems"
        ]
      },
      "locked": {
        "lastModified": 1782609341,
        "narHash": "sha256-OfCPJFS/2Z2ZyjE4adR7PL+ZEqvDQFi2XNI1L8s6wKU=",
        "owner": "mitchellh",
        "repo": "zig-overlay",
        "rev": "5386fea92c45b154bbeb52d14ef5504f82eda86c",
        "type": "github"
      },
      "original": {
        "owner": "mitchellh",
        "repo": "zig-overlay",
        "type": "github"
      }
    },
    "zon2nix": {
      "inputs": {
        "nixpkgs": [
          "luv",
          "ghostty",
          "nixpkgs"
        ]
      },
      "locked": {
        "lastModified": 1784117571,
        "narHash": "sha256-Hvnmnuu0VpHiZl+8z+UkMoxC7JZJvRYBqu2Asb0ZJOE=",
        "owner": "jcollie",
        "repo": "zon2nix",
        "rev": "0ce628fb78309cdb13d098ae9c6fdbf87c75d25b",
        "type": "github"
      },
      "original": {
        "owner": "jcollie",
        "ref": "main",
        "repo": "zon2nix",
        "type": "github"
      }
    }
  },
  "root": "root",
  "version": 7
}
